
Microsoft Visual Studio Solution File, Format Version 12.00
# Visual Studio 15
VisualStudioVersion = 15.0.28307.421
MinimumVisualStudioVersion = 10.0.40219.1
Project("{FAE04EC0-301F-11D3-BF4B-00C04F79EFBC}") = "name-sorter", "ConsoleApp1\name-sorter.csproj", "{0A047D7D-4BF2-4E08-B34B-F849713AF578}"
EndProject
Project("{FAE04EC0-301F-11D3-BF4B-00C04F79EFBC}") = "name-sorter-test", "Name Sorter Test\name-sorter-test.csproj", "{D07BDD01-1E1E-49BC-B356-3C02F8252A9C}"
EndProject
Global
	GlobalSection(SolutionConfigurationPlatforms) = preSolution
		Debug|Any CPU = Debug|Any CPU
		Release|Any CPU = Release|Any CPU
	EndGlobalSection
	GlobalSection(ProjectConfigurationPlatforms) = postSolution
		{0A047D7D-4BF2-4E08-B34B-F849713AF578}.Debug|Any CPU.ActiveCfg = Debug|Any CPU
		{0A047D7D-4BF2-4E08-B34B-F849713AF578}.Debug|Any CPU.Build.0 = Debug|Any CPU
		{0A047D7D-4BF2-4E08-B34B-F849713AF578}.Release|Any CPU.ActiveCfg = Release|Any CPU
		{0A047D7D-4BF2-4E08-B34B-F849713AF578}.Release|Any CPU.Build.0 = Release|Any CPU
		{D07BDD01-1E1E-49BC-B356-3C02F8252A9C}.Debug|Any CPU.ActiveCfg = Debug|Any CPU
		{D07BDD01-1E1E-49BC-B356-3C02F8252A9C}.Debug|Any CPU.Build.0 = Debug|Any CPU
		{D07BDD01-1E1E-49BC-B356-3C02F8252A9C}.Release|Any CPU.ActiveCfg = Release|Any CPU
		{D07BDD01-1E1E-49BC-B356-3C02F8252A9C}.Release|Any CPU.Build.0 = Release|Any CPU
	EndGlobalSection
	GlobalSection(SolutionProperties) = preSolution
		HideSolutionNode = FALSE
	EndGlobalSection
	GlobalSection(ExtensibilityGlobals) = postSolution
		SolutionGuid = {FDF2A82A-11B5-4391-B0D1-2832825AAC37}
	EndGlobalSection
EndGlobal
